
Microsoft Visual Studio Solution File, Format Version 12.00
# Visual Studio Version 17
VisualStudioVersion = 17.14.36429.23 d17.14
MinimumVisualStudioVersion = 10.0.40219.1
Project("{FAE04EC0-301F-11D3-BF4B-00C04F79EFBC}") = "fasterPace", "fasterPace.csproj", "{1E1494AA-9E39-E443-34D3-4EB121C4F70B}"
EndProject
Global
	GlobalSection(SolutionConfigurationPlatforms) = preSolution
		Debug|Any CPU = Debug|Any CPU
		Release|Any CPU = Release|Any CPU
	EndGlobalSection
	GlobalSection(ProjectConfigurationPlatforms) = postSolution
		{1E1494AA-9E39-E443-34D3-4EB121C4F70B}.Debug|Any CPU.ActiveCfg = Debug|Any CPU
		{1E1494AA-9E39-E443-34D3-4EB121C4F70B}.Debug|Any CPU.Build.0 = Debug|Any CPU
		{1E1494AA-9E39-E443-34D3-4EB121C4F70B}.Release|Any CPU.ActiveCfg = Release|Any CPU
		{1E1494AA-9E39-E443-34D3-4EB121C4F70B}.Release|Any CPU.Build.0 = Release|Any CPU
	EndGlobalSection
	GlobalSection(SolutionProperties) = preSolution
		HideSolutionNode = FALSE
	EndGlobalSection
	GlobalSection(ExtensibilityGlobals) = postSolution
		SolutionGuid = {2FB41862-B98D-4966-A45C-3DE36D89B3C2}
	EndGlobalSection
EndGlobal
